{
  "name": "artalk",
  "version": "2.3.4",
  "lockfileVersion": 2,
  "requires": true,
  "packages": {
    "": {
      "name": "artalk",
      "version": "2.3.4",
      "license": "LGPL-3.0",
      "dependencies": {
        "abortcontroller-polyfill": "^1.7.3",
        "hanabi": "^0.4.0",
        "insane": "^2.6.2",
        "marked": "^4.0.19"
      },
      "devDependencies": {
        "@types/marked": "4.0.6"
      }
    },
    "node_modules/@types/marked": {
      "version": "4.0.6",
      "resolved": "https://registry.npmmirror.com/@types/marked/-/marked-4.0.6.tgz",
      "integrity": "sha512-ITAVUzsnVbhy5afxhs4PPPbrv2hKVEDH5BhhaQNQlVG0UNu+9A18XSdYr53nBdHZ0ADEQLl+ciOjXbs7eHdiQQ==",
      "dev": true
    },
    "node_modules/abortcontroller-polyfill": {
      "version": "1.7.3",
      "resolved": "https://registry.npmjs.org/abortcontroller-polyfill/-/abortcontroller-polyfill-1.7.3.tgz",
      "integrity": "sha512-zetDJxd89y3X99Kvo4qFx8GKlt6GsvN3UcRZHwU6iFA/0KiOmhkTVhe8oRoTBiTVPZu09x3vCra47+w8Yz1+2Q=="
    },
    "node_modules/assignment": {
      "version": "2.0.0",
      "resolved": "https://registry.npmjs.org/assignment/-/assignment-2.0.0.tgz",
      "integrity": "sha1-/9F7Ib9dayLnd7mJaBqBVFaj3T4="
    },
    "node_modules/comment-regex": {
      "version": "1.0.1",
      "resolved": "https://registry.npmjs.org/comment-regex/-/comment-regex-1.0.1.tgz",
      "integrity": "sha512-IWlN//Yfby92tOIje7J18HkNmWRR7JESA/BK8W7wqY/akITpU5B0JQWnbTjCfdChSrDNb0DrdA9jfAxiiBXyiQ==",
      "engines": {
        "node": ">=0.10.0"
      }
    },
    "node_modules/hanabi": {
      "version": "0.4.0",
      "resolved": "https://registry.npmjs.org/hanabi/-/hanabi-0.4.0.tgz",
      "integrity": "sha1-67slE1jBM32x6r2mhsQ/93fTDYI=",
      "dependencies": {
        "comment-regex": "^1.0.0"
      }
    },
    "node_modules/he": {
      "version": "0.5.0",
      "resolved": "https://registry.npmjs.org/he/-/he-0.5.0.tgz",
      "integrity": "sha1-LAX/rvkLaOhg8/0rVO9YCYknfuI=",
      "bin": {
        "he": "bin/he"
      }
    },
    "node_modules/insane": {
      "version": "2.6.2",
      "resolved": "https://registry.npmjs.org/insane/-/insane-2.6.2.tgz",
      "integrity": "sha1-wqtouz4AarRRVg0bRGkXMpwKgSA=",
      "dependencies": {
        "assignment": "2.0.0",
        "he": "0.5.0"
      }
    },
    "node_modules/marked": {
      "version": "4.1.0",
      "resolved": "https://registry.npmmirror.com/marked/-/marked-4.1.0.tgz",
      "integrity": "sha512-+Z6KDjSPa6/723PQYyc1axYZpYYpDnECDaU6hkaf5gqBieBkMKYReL5hteF2QizhlMbgbo8umXl/clZ67+GlsA==",
      "bin": {
        "marked": "bin/marked.js"
      },
      "engines": {
        "node": ">= 12"
      }
    }
  },
  "dependencies": {
    "@types/marked": {
      "version": "4.0.6",
      "resolved": "https://registry.npmmirror.com/@types/marked/-/marked-4.0.6.tgz",
      "integrity": "sha512-ITAVUzsnVbhy5afxhs4PPPbrv2hKVEDH5BhhaQNQlVG0UNu+9A18XSdYr53nBdHZ0ADEQLl+ciOjXbs7eHdiQQ==",
      "dev": true
    },
    "abortcontroller-polyfill": {
      "version": "1.7.3",
      "resolved": "https://registry.npmjs.org/abortcontroller-polyfill/-/abortcontroller-polyfill-1.7.3.tgz",
      "integrity": "sha512-zetDJxd89y3X99Kvo4qFx8GKlt6GsvN3UcRZHwU6iFA/0KiOmhkTVhe8oRoTBiTVPZu09x3vCra47+w8Yz1+2Q=="
    },
    "assignment": {
      "version": "2.0.0",
      "resolved": "https://registry.npmjs.org/assignment/-/assignment-2.0.0.tgz",
      "integrity": "sha1-/9F7Ib9dayLnd7mJaBqBVFaj3T4="
    },
    "comment-regex": {
      "version": "1.0.1",
      "resolved": "https://registry.npmjs.org/comment-regex/-/comment-regex-1.0.1.tgz",
      "integrity": "sha512-IWlN//Yfby92tOIje7J18HkNmWRR7JESA/BK8W7wqY/akITpU5B0JQWnbTjCfdChSrDNb0DrdA9jfAxiiBXyiQ=="
    },
    "hanabi": {
      "version": "0.4.0",
      "resolved": "https://registry.npmjs.org/hanabi/-/hanabi-0.4.0.tgz",
      "integrity": "sha1-67slE1jBM32x6r2mhsQ/93fTDYI=",
      "requires": {
        "comment-regex": "^1.0.0"
      }
    },
    "he": {
      "version": "0.5.0",
      "resolved": "https://registry.npmjs.org/he/-/he-0.5.0.tgz",
      "integrity": "sha1-LAX/rvkLaOhg8/0rVO9YCYknfuI="
    },
    "insane": {
      "version": "2.6.2",
      "resolved": "https://registry.npmjs.org/insane/-/insane-2.6.2.tgz",
      "integrity": "sha1-wqtouz4AarRRVg0bRGkXMpwKgSA=",
      "requires": {
        "assignment": "2.0.0",
        "he": "0.5.0"
      }
    },
    "marked": {
      "version": "4.1.0",
      "resolved": "https://registry.npmmirror.com/marked/-/marked-4.1.0.tgz",
      "integrity": "sha512-+Z6KDjSPa6/723PQYyc1axYZpYYpDnECDaU6hkaf5gqBieBkMKYReL5hteF2QizhlMbgbo8umXl/clZ67+GlsA=="
    }
  }
}
